
Microsoft Visual Studio Solution File, Format Version 12.00
# Visual Studio Version 16
VisualStudioVersion = 16.0.28803.452
MinimumVisualStudioVersion = 10.0.40219.1
Project("{FAE04EC0-301F-11D3-BF4B-00C04F79EFBC}") = "EsteticaOliviaMaria", "EsteticaOliviaMaria\EsteticaOliviaMaria.csproj", "{D8492D71-49E5-4029-8EB3-4CA6E14FC0C6}"
EndProject
Global
	GlobalSection(SolutionConfigurationPlatforms) = preSolution
		Debug|Any CPU = Debug|Any CPU
		Release|Any CPU = Release|Any CPU
	EndGlobalSection
	GlobalSection(ProjectConfigurationPlatforms) = postSolution
		{D8492D71-49E5-4029-8EB3-4CA6E14FC0C6}.Debug|Any CPU.ActiveCfg = Debug|Any CPU
		{D8492D71-49E5-4029-8EB3-4CA6E14FC0C6}.Debug|Any CPU.Build.0 = Debug|Any CPU
		{D8492D71-49E5-4029-8EB3-4CA6E14FC0C6}.Release|Any CPU.ActiveCfg = Release|Any CPU
		{D8492D71-49E5-4029-8EB3-4CA6E14FC0C6}.Release|Any CPU.Build.0 = Release|Any CPU
	EndGlobalSection
	GlobalSection(SolutionProperties) = preSolution
		HideSolutionNode = FALSE
	EndGlobalSection
	GlobalSection(ExtensibilityGlobals) = postSolution
		SolutionGuid = {DE3F7107-D5B9-4BCF-A8AD-C6B0865B9F4B}
	EndGlobalSection
EndGlobal
